
Microsoft Visual Studio Solution File, Format Version 12.00
# Visual Studio Version 16
VisualStudioVersion = 16.0.31005.135
MinimumVisualStudioVersion = 10.0.40219.1
Project("{9A19103F-16F7-4668-BE54-9A1E7A4F7556}") = "Business", "Business\Business.csproj", "{E6A73DCE-9419-4B0B-AF2C-A1F6C483E4F9}"
EndProject
Project("{9A19103F-16F7-4668-BE54-9A1E7A4F7556}") = "DataAccess", "DataAccess\DataAccess.csproj", "{348186D3-A119-4AC7-96C1-6E9825089909}"
EndProject
Project("{9A19103F-16F7-4668-BE54-9A1E7A4F7556}") = "Entities", "Entities\Entities.csproj", "{30219E90-866C-43CE-8E9C-53BAD418D2DD}"
EndProject
Project("{9A19103F-16F7-4668-BE54-9A1E7A4F7556}") = "ConsoleUI", "ConsoleUI\ConsoleUI.csproj", "{63122A48-C0A1-4C47-B905-EAA688870F67}"
EndProject
Project("{9A19103F-16F7-4668-BE54-9A1E7A4F7556}") = "Core", "Core\Core.csproj", "{D8FE63F7-7FA7-43B0-8214-B4E97D9C107E}"
EndProject
Project("{FAE04EC0-301F-11D3-BF4B-00C04F79EFBC}") = "WebAPI", "WebAPI\WebAPI.csproj", "{2212CF27-C51A-4CCE-8945-8AB5E284F56F}"
EndProject
Global
	GlobalSection(SolutionConfigurationPlatforms) = preSolution
		Debug|Any CPU = Debug|Any CPU
		Release|Any CPU = Release|Any CPU
	EndGlobalSection
	GlobalSection(ProjectConfigurationPlatforms) = postSolution
		{E6A73DCE-9419-4B0B-AF2C-A1F6C483E4F9}.Debug|Any CPU.ActiveCfg = Debug|Any CPU
		{E6A73DCE-9419-4B0B-AF2C-A1F6C483E4F9}.Debug|Any CPU.Build.0 = Debug|Any CPU
		{E6A73DCE-9419-4B0B-AF2C-A1F6C483E4F9}.Release|Any CPU.ActiveCfg = Release|Any CPU
		{E6A73DCE-9419-4B0B-AF2C-A1F6C483E4F9}.Release|Any CPU.Build.0 = Release|Any CPU
		{348186D3-A119-4AC7-96C1-6E9825089909}.Debug|Any CPU.ActiveCfg = Debug|Any CPU
		{348186D3-A119-4AC7-96C1-6E9825089909}.Debug|Any CPU.Build.0 = Debug|Any CPU
		{348186D3-A119-4AC7-96C1-6E9825089909}.Release|Any CPU.ActiveCfg = Release|Any CPU
		{348186D3-A119-4AC7-96C1-6E9825089909}.Release|Any CPU.Build.0 = Release|Any CPU
		{30219E90-866C-43CE-8E9C-53BAD418D2DD}.Debug|Any CPU.ActiveCfg = Debug|Any CPU
		{30219E90-866C-43CE-8E9C-53BAD418D2DD}.Debug|Any CPU.Build.0 = Debug|Any CPU
		{30219E90-866C-43CE-8E9C-53BAD418D2DD}.Release|Any CPU.ActiveCfg = Release|Any CPU
		{30219E90-866C-43CE-8E9C-53BAD418D2DD}.Release|Any CPU.Build.0 = Release|Any CPU
		{63122A48-C0A1-4C47-B905-EAA688870F67}.Debug|Any CPU.ActiveCfg = Debug|Any CPU
		{63122A48-C0A1-4C47-B905-EAA688870F67}.Debug|Any CPU.Build.0 = Debug|Any CPU
		{63122A48-C0A1-4C47-B905-EAA688870F67}.Release|Any CPU.ActiveCfg = Release|Any CPU
		{63122A48-C0A1-4C47-B905-EAA688870F67}.Release|Any CPU.Build.0 = Release|Any CPU
		{D8FE63F7-7FA7-43B0-8214-B4E97D9C107E}.Debug|Any CPU.ActiveCfg = Debug|Any CPU
		{D8FE63F7-7FA7-43B0-8214-B4E97D9C107E}.Debug|Any CPU.Build.0 = Debug|Any CPU
		{D8FE63F7-7FA7-43B0-8214-B4E97D9C107E}.Release|Any CPU.ActiveCfg = Release|Any CPU
		{D8FE63F7-7FA7-43B0-8214-B4E97D9C107E}.Release|Any CPU.Build.0 = Release|Any CPU
		{2212CF27-C51A-4CCE-8945-8AB5E284F56F}.Debug|Any CPU.ActiveCfg = Debug|Any CPU
		{2212CF27-C51A-4CCE-8945-8AB5E284F56F}.Debug|Any CPU.Build.0 = Debug|Any CPU
		{2212CF27-C51A-4CCE-8945-8AB5E284F56F}.Release|Any CPU.ActiveCfg = Release|Any CPU
		{2212CF27-C51A-4CCE-8945-8AB5E284F56F}.Release|Any CPU.Build.0 = Release|Any CPU
	EndGlobalSection
	GlobalSection(SolutionProperties) = preSolution
		HideSolutionNode = FALSE
	EndGlobalSection
	GlobalSection(ExtensibilityGlobals) = postSolution
		SolutionGuid = {0DD651DA-E736-4182-B01E-07CE6A1CB9B9}
	EndGlobalSection
EndGlobal
