
Microsoft Visual Studio Solution File, Format Version 12.00
# Visual Studio 15
VisualStudioVersion = 15.0.27428.2043
MinimumVisualStudioVersion = 10.0.40219.1
Project("{FAE04EC0-301F-11D3-BF4B-00C04F79EFBC}") = "Business", "Business\Business.csproj", "{E6A73DCE-9419-4B0B-AF2C-A1F6C483E4F9}"
EndProject
Project("{FAE04EC0-301F-11D3-BF4B-00C04F79EFBC}") = "DataAccess", "DataAccess\DataAccess.csproj", "{348186D3-A119-4AC7-96C1-6E9825089909}"
EndProject
Project("{FAE04EC0-301F-11D3-BF4B-00C04F79EFBC}") = "Entities", "Entities\Entities.csproj", "{30219E90-866C-43CE-8E9C-53BAD418D2DD}"
EndProject
Project("{FAE04EC0-301F-11D3-BF4B-00C04F79EFBC}") = "ConsoleUI", "ConsoleUI\ConsoleUI.csproj", "{63122A48-C0A1-4C47-B905-EAA688870F67}"
EndProject
Global
	GlobalSection(SolutionConfigurationPlatforms) = preSolution
		Debug|Any CPU = Debug|Any CPU
		Release|Any CPU = Release|Any CPU
	EndGlobalSection
	GlobalSection(ProjectConfigurationPlatforms) = postSolution
		{E6A73DCE-9419-4B0B-AF2C-A1F6C483E4F9}.Debug|Any CPU.ActiveCfg = Debug|Any CPU
		{E6A73DCE-9419-4B0B-AF2C-A1F6C483E4F9}.Debug|Any CPU.Build.0 = Debug|Any CPU
		{E6A73DCE-9419-4B0B-AF2C-A1F6C483E4F9}.Release|Any CPU.ActiveCfg = Release|Any CPU
		{E6A73DCE-9419-4B0B-AF2C-A1F6C483E4F9}.Release|Any CPU.Build.0 = Release|Any CPU
		{348186D3-A119-4AC7-96C1-6E9825089909}.Debug|Any CPU.ActiveCfg = Debug|Any CPU
		{348186D3-A119-4AC7-96C1-6E9825089909}.Debug|Any CPU.Build.0 = Debug|Any CPU
		{348186D3-A119-4AC7-96C1-6E9825089909}.Release|Any CPU.ActiveCfg = Release|Any CPU
		{348186D3-A119-4AC7-96C1-6E9825089909}.Release|Any CPU.Build.0 = Release|Any CPU
		{30219E90-866C-43CE-8E9C-53BAD418D2DD}.Debug|Any CPU.ActiveCfg = Debug|Any CPU
		{30219E90-866C-43CE-8E9C-53BAD418D2DD}.Debug|Any CPU.Build.0 = Debug|Any CPU
		{30219E90-866C-43CE-8E9C-53BAD418D2DD}.Release|Any CPU.ActiveCfg = Release|Any CPU
		{30219E90-866C-43CE-8E9C-53BAD418D2DD}.Release|Any CPU.Build.0 = Release|Any CPU
		{63122A48-C0A1-4C47-B905-EAA688870F67}.Debug|Any CPU.ActiveCfg = Debug|Any CPU
		{63122A48-C0A1-4C47-B905-EAA688870F67}.Debug|Any CPU.Build.0 = Debug|Any CPU
		{63122A48-C0A1-4C47-B905-EAA688870F67}.Release|Any CPU.ActiveCfg = Release|Any CPU
		{63122A48-C0A1-4C47-B905-EAA688870F67}.Release|Any CPU.Build.0 = Release|Any CPU
	EndGlobalSection
	GlobalSection(SolutionProperties) = preSolution
		HideSolutionNode = FALSE
	EndGlobalSection
	GlobalSection(ExtensibilityGlobals) = postSolution
		SolutionGuid = {0DD651DA-E736-4182-B01E-07CE6A1CB9B9}
	EndGlobalSection
EndGlobal
