
Microsoft Visual Studio Solution File, Format Version 12.00
# Visual Studio 15
VisualStudioVersion = 15.0.27428.2043
MinimumVisualStudioVersion = 10.0.40219.1
Project("{FAE04EC0-301F-11D3-BF4B-00C04F79EFBC}") = "Interfaces", "Interfaces\Interfaces.csproj", "{43144626-C231-445A-8E76-7E5B2B5D280B}"
EndProject
Global
	GlobalSection(SolutionConfigurationPlatforms) = preSolution
		Debug|Any CPU = Debug|Any CPU
		Release|Any CPU = Release|Any CPU
	EndGlobalSection
	GlobalSection(ProjectConfigurationPlatforms) = postSolution
		{43144626-C231-445A-8E76-7E5B2B5D280B}.Debug|Any CPU.ActiveCfg = Debug|Any CPU
		{43144626-C231-445A-8E76-7E5B2B5D280B}.Debug|Any CPU.Build.0 = Debug|Any CPU
		{43144626-C231-445A-8E76-7E5B2B5D280B}.Release|Any CPU.ActiveCfg = Release|Any CPU
		{43144626-C231-445A-8E76-7E5B2B5D280B}.Release|Any CPU.Build.0 = Release|Any CPU
	EndGlobalSection
	GlobalSection(SolutionProperties) = preSolution
		HideSolutionNode = FALSE
	EndGlobalSection
	GlobalSection(ExtensibilityGlobals) = postSolution
		SolutionGuid = {FCFF1AE3-4933-43AE-8FDA-BC4C872C4487}
	EndGlobalSection
EndGlobal
